
Microsoft Visual Studio Solution File, Format Version 12.00
# Visual Studio 15
VisualStudioVersion = 15.0.27130.2027
MinimumVisualStudioVersion = 10.0.40219.1
Project("{FAE04EC0-301F-11D3-BF4B-00C04F79EFBC}") = "EpamTrnHw05", "EpamTrnHw05\EpamTrnHw05.csproj", "{8117EB70-A576-48E5-AC4E-1D5C9C12D7A8}"
EndProject
Global
	GlobalSection(SolutionConfigurationPlatforms) = preSolution
		Debug|Any CPU = Debug|Any CPU
		Release|Any CPU = Release|Any CPU
	EndGlobalSection
	GlobalSection(ProjectConfigurationPlatforms) = postSolution
		{8117EB70-A576-48E5-AC4E-1D5C9C12D7A8}.Debug|Any CPU.ActiveCfg = Debug|Any CPU
		{8117EB70-A576-48E5-AC4E-1D5C9C12D7A8}.Debug|Any CPU.Build.0 = Debug|Any CPU
		{8117EB70-A576-48E5-AC4E-1D5C9C12D7A8}.Release|Any CPU.ActiveCfg = Release|Any CPU
		{8117EB70-A576-48E5-AC4E-1D5C9C12D7A8}.Release|Any CPU.Build.0 = Release|Any CPU
	EndGlobalSection
	GlobalSection(SolutionProperties) = preSolution
		HideSolutionNode = FALSE
	EndGlobalSection
	GlobalSection(ExtensibilityGlobals) = postSolution
		SolutionGuid = {4FB4242C-6EF6-4382-B901-2354718793A2}
	EndGlobalSection
EndGlobal
